
Microsoft Visual Studio Solution File, Format Version 12.00
# Visual Studio Version 16
VisualStudioVersion = 16.0.30204.135
MinimumVisualStudioVersion = 10.0.40219.1
Project("{9A19103F-16F7-4668-BE54-9A1E7A4F7556}") = "EventGridFunctionApp", "EventGridFunctionApp\EventGridFunctionApp.csproj", "{0FAB361A-B8A7-4BBB-8C2C-CA5100832005}"
EndProject
Global
	GlobalSection(SolutionConfigurationPlatforms) = preSolution
		Debug|Any CPU = Debug|Any CPU
		Release|Any CPU = Release|Any CPU
	EndGlobalSection
	GlobalSection(ProjectConfigurationPlatforms) = postSolution
		{0FAB361A-B8A7-4BBB-8C2C-CA5100832005}.Debug|Any CPU.ActiveCfg = Debug|Any CPU
		{0FAB361A-B8A7-4BBB-8C2C-CA5100832005}.Debug|Any CPU.Build.0 = Debug|Any CPU
		{0FAB361A-B8A7-4BBB-8C2C-CA5100832005}.Release|Any CPU.ActiveCfg = Release|Any CPU
		{0FAB361A-B8A7-4BBB-8C2C-CA5100832005}.Release|Any CPU.Build.0 = Release|Any CPU
	EndGlobalSection
	GlobalSection(SolutionProperties) = preSolution
		HideSolutionNode = FALSE
	EndGlobalSection
	GlobalSection(ExtensibilityGlobals) = postSolution
		SolutionGuid = {1BB8DFF1-A874-46FF-87C8-34920BFB0792}
	EndGlobalSection
EndGlobal
